
Microsoft Visual Studio Solution File, Format Version 12.00
# Visual Studio Version 17
VisualStudioVersion = 17.5.002.0
MinimumVisualStudioVersion = 10.0.40219.1
Project("{9A19103F-16F7-4668-BE54-9A1E7A4F7556}") = "basics", "basics.csproj", "{FA58CF1F-BE7E-467B-B952-61D3450E925E}"
EndProject
Global
	GlobalSection(SolutionConfigurationPlatforms) = preSolution
		Debug|Any CPU = Debug|Any CPU
		Release|Any CPU = Release|Any CPU
	EndGlobalSection
	GlobalSection(ProjectConfigurationPlatforms) = postSolution
		{FA58CF1F-BE7E-467B-B952-61D3450E925E}.Debug|Any CPU.ActiveCfg = Debug|Any CPU
		{FA58CF1F-BE7E-467B-B952-61D3450E925E}.Debug|Any CPU.Build.0 = Debug|Any CPU
		{FA58CF1F-BE7E-467B-B952-61D3450E925E}.Release|Any CPU.ActiveCfg = Release|Any CPU
		{FA58CF1F-BE7E-467B-B952-61D3450E925E}.Release|Any CPU.Build.0 = Release|Any CPU
	EndGlobalSection
	GlobalSection(SolutionProperties) = preSolution
		HideSolutionNode = FALSE
	EndGlobalSection
	GlobalSection(ExtensibilityGlobals) = postSolution
		SolutionGuid = {91628D4E-87A9-4C49-BB81-B0400DFF668A}
	EndGlobalSection
EndGlobal
